
Microsoft Visual Studio Solution File, Format Version 12.00
# Visual Studio Version 17
VisualStudioVersion = 17.6.33717.318
MinimumVisualStudioVersion = 10.0.40219.1
Project("{FAE04EC0-301F-11D3-BF4B-00C04F79EFBC}") = "ORM_CRUD", "ORM_CRUD\ORM_CRUD.csproj", "{2879E967-2F3A-4946-9EAB-0146D255F721}"
EndProject
Global
	GlobalSection(SolutionConfigurationPlatforms) = preSolution
		Debug|Any CPU = Debug|Any CPU
		Release|Any CPU = Release|Any CPU
	EndGlobalSection
	GlobalSection(ProjectConfigurationPlatforms) = postSolution
		{2879E967-2F3A-4946-9EAB-0146D255F721}.Debug|Any CPU.ActiveCfg = Debug|Any CPU
		{2879E967-2F3A-4946-9EAB-0146D255F721}.Debug|Any CPU.Build.0 = Debug|Any CPU
		{2879E967-2F3A-4946-9EAB-0146D255F721}.Release|Any CPU.ActiveCfg = Release|Any CPU
		{2879E967-2F3A-4946-9EAB-0146D255F721}.Release|Any CPU.Build.0 = Release|Any CPU
	EndGlobalSection
	GlobalSection(SolutionProperties) = preSolution
		HideSolutionNode = FALSE
	EndGlobalSection
	GlobalSection(ExtensibilityGlobals) = postSolution
		SolutionGuid = {2E688D19-7A3A-4DEE-A8D9-C44104103780}
	EndGlobalSection
EndGlobal
